{
  "name": "@kpander/panzoom-js",
  "version": "1.0.1",
  "lockfileVersion": 2,
  "requires": true,
  "packages": {
    "": {
      "name": "@kpander/panzoom-js",
      "version": "1.0.1",
      "license": "MIT",
      "devDependencies": {
        "@kpander/packager-js": "^1.0.1"
      }
    },
    "node_modules/@kpander/packager-js": {
      "version": "1.0.1",
      "resolved": "https://npm.pkg.github.com/download/@kpander/packager-js/1.0.1/13c3bc943514675a6bf3d7674b5ca608dbcf3c0e",
      "integrity": "sha512-sZT6nBQKWEnUu8UePEuPn3phW951iyFD3oSyiaj/WWgf592H+OGOBK5UiLJ2FXgmgGrbwN6Cg34cSzoEfku3Tw==",
      "dev": true,
      "license": "MIT",
      "dependencies": {
        "uglify-js": "^3.17.4"
      }
    },
    "node_modules/uglify-js": {
      "version": "3.17.4",
      "resolved": "https://registry.npmjs.org/uglify-js/-/uglify-js-3.17.4.tgz",
      "integrity": "sha512-T9q82TJI9e/C1TAxYvfb16xO120tMVFZrGA3f9/P4424DNu6ypK103y0GPFVa17yotwSyZW5iYXgjYHkGrJW/g==",
      "dev": true,
      "bin": {
        "uglifyjs": "bin/uglifyjs"
      },
      "engines": {
        "node": ">=0.8.0"
      }
    }
  },
  "dependencies": {
    "@kpander/packager-js": {
      "version": "1.0.1",
      "resolved": "https://npm.pkg.github.com/download/@kpander/packager-js/1.0.1/13c3bc943514675a6bf3d7674b5ca608dbcf3c0e",
      "integrity": "sha512-sZT6nBQKWEnUu8UePEuPn3phW951iyFD3oSyiaj/WWgf592H+OGOBK5UiLJ2FXgmgGrbwN6Cg34cSzoEfku3Tw==",
      "dev": true,
      "requires": {
        "uglify-js": "^3.17.4"
      }
    },
    "uglify-js": {
      "version": "3.17.4",
      "resolved": "https://registry.npmjs.org/uglify-js/-/uglify-js-3.17.4.tgz",
      "integrity": "sha512-T9q82TJI9e/C1TAxYvfb16xO120tMVFZrGA3f9/P4424DNu6ypK103y0GPFVa17yotwSyZW5iYXgjYHkGrJW/g==",
      "dev": true
    }
  }
}
